// !$*UTF8*$!
{
	archiveVersion = 1;
	classes = {
	};
	objectVersion = 55;
	objects = {

/* Begin PBXBuildFile section */
		79244EBB28B3F3BF003FB9CF /* BatterySaverApp.swift in Sources */ = {isa = PBXBuildFile; fileRef = 79244EBA28B3F3BF003FB9CF /* BatterySaverApp.swift */; };
		79244EBD28B3F3BF003FB9CF /* ContentView.swift in Sources */ = {isa = PBXBuildFile; fileRef = 79244EBC28B3F3BF003FB9CF /* ContentView.swift */; };
		79244EBF28B3F3C2003FB9CF /* Assets.xcassets in Resources */ = {isa = PBXBuildFile; fileRef = 79244EBE28B3F3C2003FB9CF /* Assets.xcassets */; };
		79244EC228B3F3C2003FB9CF /* Preview Assets.xcassets in Resources */ = {isa = PBXBuildFile; fileRef = 79244EC128B3F3C2003FB9CF /* Preview Assets.xcassets */; };
		79244ECD28B3F3C2003FB9CF /* BatterySaverTests.swift in Sources */ = {isa = PBXBuildFile; fileRef = 79244ECC28B3F3C2003FB9CF /* BatterySaverTests.swift */; };
		79244ED728B3F3C2003FB9CF /* BatterySaverUITests.swift in Sources */ = {isa = PBXBuildFile; fileRef = 79244ED628B3F3C2003FB9CF /* BatterySaverUITests.swift */; };
		79244ED928B3F3C2003FB9CF /* BatterySaverUITestsLaunchTests.swift in Sources */ = {isa = PBXBuildFile; fileRef = 79244ED828B3F3C2003FB9CF /* BatterySaverUITestsLaunchTests.swift */; };
		7941F0F028BADDC300999B3A /* ApplicationMenu.swift in Sources */ = {isa = PBXBuildFile; fileRef = 7941F0EF28BADDC300999B3A /* ApplicationMenu.swift */; };
/* End PBXBuildFile section */

/* Begin PBXContainerItemProxy section */
		79244EC928B3F3C2003FB9CF /* PBXContainerItemProxy */ = {
			isa = PBXContainerItemProxy;
			containerPortal = 79244EAF28B3F3BF003FB9CF /* Project object */;
			proxyType = 1;
			remoteGlobalIDString = 79244EB628B3F3BF003FB9CF;
			remoteInfo = BatterySaver;
		};
		79244ED328B3F3C2003FB9CF /* PBXContainerItemProxy */ = {
			isa = PBXContainerItemProxy;
			containerPortal = 79244EAF28B3F3BF003FB9CF /* Project object */;
			proxyType = 1;
			remoteGlobalIDString = 79244EB628B3F3BF003FB9CF;
			remoteInfo = BatterySaver;
		};
/* End PBXContainerItemProxy section */

/* Begin PBXFileReference section */
		79244EB728B3F3BF003FB9CF /* BatterySaver.app */ = {isa = PBXFileReference; explicitFileType = wrapper.application; includeInIndex = 0; path = BatterySaver.app; sourceTree = BUILT_PRODUCTS_DIR; };
		79244EBA28B3F3BF003FB9CF /* BatterySaverApp.swift */ = {isa = PBXFileReference; lastKnownFileType = sourcecode.swift; path = BatterySaverApp.swift; sourceTree = "<group>"; };
		79244EBC28B3F3BF003FB9CF /* ContentView.swift */ = {isa = PBXFileReference; lastKnownFileType = sourcecode.swift; path = ContentView.swift; sourceTree = "<group>"; };
		79244EBE28B3F3C2003FB9CF /* Assets.xcassets */ = {isa = PBXFileReference; lastKnownFileType = folder.assetcatalog; path = Assets.xcassets; sourceTree = "<group>"; };
		79244EC128B3F3C2003FB9CF /* Preview Assets.xcassets */ = {isa = PBXFileReference; lastKnownFileType = folder.assetcatalog; path = "Preview Assets.xcassets"; sourceTree = "<group>"; };
		79244EC328B3F3C2003FB9CF /* BatterySaver.entitlements */ = {isa = PBXFileReference; lastKnownFileType = text.plist.entitlements; path = BatterySaver.entitlements; sourceTree = "<group>"; };
		79244EC828B3F3C2003FB9CF /* BatterySaverTests.xctest */ = {isa = PBXFileReference; explicitFileType = wrapper.cfbundle; includeInIndex = 0; path = BatterySaverTests.xctest; sourceTree = BUILT_PRODUCTS_DIR; };
		79244ECC28B3F3C2003FB9CF /* BatterySaverTests.swift */ = {isa = PBXFileReference; lastKnownFileType = sourcecode.swift; path = BatterySaverTests.swift; sourceTree = "<group>"; };
		79244ED228B3F3C2003FB9CF /* BatterySaverUITests.xctest */ = {isa = PBXFileReference; explicitFileType = wrapper.cfbundle; includeInIndex = 0; path = BatterySaverUITests.xctest; sourceTree = BUILT_PRODUCTS_DIR; };
		79244ED628B3F3C2003FB9CF /* BatterySaverUITests.swift */ = {isa = PBXFileReference; lastKnownFileType = sourcecode.swift; path = BatterySaverUITests.swift; sourceTree = "<group>"; };
		79244ED828B3F3C2003FB9CF /* BatterySaverUITestsLaunchTests.swift */ = {isa = PBXFileReference; lastKnownFileType = sourcecode.swift; path = BatterySaverUITestsLaunchTests.swift; sourceTree = "<group>"; };
		7941F0EF28BADDC300999B3A /* ApplicationMenu.swift */ = {isa = PBXFileReference; lastKnownFileType = sourcecode.swift; path = ApplicationMenu.swift; sourceTree = "<group>"; };
		79EFF4CF28BAE91000C06CD1 /* Info.plist */ = {isa = PBXFileReference; lastKnownFileType = text.plist; path = Info.plist; sourceTree = "<group>"; };
/* End PBXFileReference section */

/* Begin PBXFrameworksBuildPhase section */
		79244EB428B3F3BF003FB9CF /* Frameworks */ = {
			isa = PBXFrameworksBuildPhase;
			buildActionMask = 2147483647;
			files = (
			);
			runOnlyForDeploymentPostprocessing = 0;
		};
		79244EC528B3F3C2003FB9CF /* Frameworks */ = {
			isa = PBXFrameworksBuildPhase;
			buildActionMask = 2147483647;
			files = (
			);
			runOnlyForDeploymentPostprocessing = 0;
		};
		79244ECF28B3F3C2003FB9CF /* Frameworks */ = {
			isa = PBXFrameworksBuildPhase;
			buildActionMask = 2147483647;
			files = (
			);
			runOnlyForDeploymentPostprocessing = 0;
		};
/* End PBXFrameworksBuildPhase section */

/* Begin PBXGroup section */
		79244EAE28B3F3BF003FB9CF = {
			isa = PBXGroup;
			children = (
				79244EB928B3F3BF003FB9CF /* BatterySaver */,
				79244ECB28B3F3C2003FB9CF /* BatterySaverTests */,
				79244ED528B3F3C2003FB9CF /* BatterySaverUITests */,
				79244EB828B3F3BF003FB9CF /* Products */,
			);
			sourceTree = "<group>";
		};
		79244EB828B3F3BF003FB9CF /* Products */ = {
			isa = PBXGroup;
			children = (
				79244EB728B3F3BF003FB9CF /* BatterySaver.app */,
				79244EC828B3F3C2003FB9CF /* BatterySaverTests.xctest */,
				79244ED228B3F3C2003FB9CF /* BatterySaverUITests.xctest */,
			);
			name = Products;
			sourceTree = "<group>";
		};
		79244EB928B3F3BF003FB9CF /* BatterySaver */ = {
			isa = PBXGroup;
			children = (
				79EFF4CF28BAE91000C06CD1 /* Info.plist */,
				79244EBA28B3F3BF003FB9CF /* BatterySaverApp.swift */,
				79244EBC28B3F3BF003FB9CF /* ContentView.swift */,
				79244EBE28B3F3C2003FB9CF /* Assets.xcassets */,
				79244EC328B3F3C2003FB9CF /* BatterySaver.entitlements */,
				79244EC028B3F3C2003FB9CF /* Preview Content */,
				7941F0EF28BADDC300999B3A /* ApplicationMenu.swift */,
			);
			path = BatterySaver;
			sourceTree = "<group>";
		};
		79244EC028B3F3C2003FB9CF /* Preview Content */ = {
			isa = PBXGroup;
			children = (
				79244EC128B3F3C2003FB9CF /* Preview Assets.xcassets */,
			);
			path = "Preview Content";
			sourceTree = "<group>";
		};
		79244ECB28B3F3C2003FB9CF /* BatterySaverTests */ = {
			isa = PBXGroup;
			children = (
				79244ECC28B3F3C2003FB9CF /* BatterySaverTests.swift */,
			);
			path = BatterySaverTests;
			sourceTree = "<group>";
		};
		79244ED528B3F3C2003FB9CF /* BatterySaverUITests */ = {
			isa = PBXGroup;
			children = (
				79244ED628B3F3C2003FB9CF /* BatterySaverUITests.swift */,
				79244ED828B3F3C2003FB9CF /* BatterySaverUITestsLaunchTests.swift */,
			);
			path = BatterySaverUITests;
			sourceTree = "<group>";
		};
/* End PBXGroup section */

/* Begin PBXNativeTarget section */
		79244EB628B3F3BF003FB9CF /* BatterySaver */ = {
			isa = PBXNativeTarget;
			buildConfigurationList = 79244EDC28B3F3C2003FB9CF /* Build configuration list for PBXNativeTarget "BatterySaver" */;
			buildPhases = (
				79244EB328B3F3BF003FB9CF /* Sources */,
				79244EB428B3F3BF003FB9CF /* Frameworks */,
				79244EB528B3F3BF003FB9CF /* Resources */,
			);
			buildRules = (
			);
			dependencies = (
			);
			name = BatterySaver;
			productName = BatterySaver;
			productReference = 79244EB728B3F3BF003FB9CF /* BatterySaver.app */;
			productType = "com.apple.product-type.application";
		};
		79244EC728B3F3C2003FB9CF /* BatterySaverTests */ = {
			isa = PBXNativeTarget;
			buildConfigurationList = 79244EDF28B3F3C2003FB9CF /* Build configuration list for PBXNativeTarget "BatterySaverTests" */;
			buildPhases = (
				79244EC428B3F3C2003FB9CF /* Sources */,
				79244EC528B3F3C2003FB9CF /* Frameworks */,
				79244EC628B3F3C2003FB9CF /* Resources */,
			);
			buildRules = (
			);
			dependencies = (
				79244ECA28B3F3C2003FB9CF /* PBXTargetDependency */,
			);
			name = BatterySaverTests;
			productName = BatterySaverTests;
			productReference = 79244EC828B3F3C2003FB9CF /* BatterySaverTests.xctest */;
			productType = "com.apple.product-type.bundle.unit-test";
		};
		79244ED128B3F3C2003FB9CF /* BatterySaverUITests */ = {
			isa = PBXNativeTarget;
			buildConfigurationList = 79244EE228B3F3C2003FB9CF /* Build configuration list for PBXNativeTarget "BatterySaverUITests" */;
			buildPhases = (
				79244ECE28B3F3C2003FB9CF /* Sources */,
				79244ECF28B3F3C2003FB9CF /* Frameworks */,
				79244ED028B3F3C2003FB9CF /* Resources */,
			);
			buildRules = (
			);
			dependencies = (
				79244ED428B3F3C2003FB9CF /* PBXTargetDependency */,
			);
			name = BatterySaverUITests;
			productName = BatterySaverUITests;
			productReference = 79244ED228B3F3C2003FB9CF /* BatterySaverUITests.xctest */;
			productType = "com.apple.product-type.bundle.ui-testing";
		};
/* End PBXNativeTarget section */

/* Begin PBXProject section */
		79244EAF28B3F3BF003FB9CF /* Project object */ = {
			isa = PBXProject;
			attributes = {
				BuildIndependentTargetsInParallel = 1;
				LastSwiftUpdateCheck = 1340;
				LastUpgradeCheck = 1340;
				TargetAttributes = {
					79244EB628B3F3BF003FB9CF = {
						CreatedOnToolsVersion = 13.4.1;
					};
					79244EC728B3F3C2003FB9CF = {
						CreatedOnToolsVersion = 13.4.1;
						TestTargetID = 79244EB628B3F3BF003FB9CF;
					};
					79244ED128B3F3C2003FB9CF = {
						CreatedOnToolsVersion = 13.4.1;
						TestTargetID = 79244EB628B3F3BF003FB9CF;
					};
				};
			};
			buildConfigurationList = 79244EB228B3F3BF003FB9CF /* Build configuration list for PBXProject "BatterySaver" */;
			compatibilityVersion = "Xcode 13.0";
			developmentRegion = en;
			hasScannedForEncodings = 0;
			knownRegions = (
				en,
				Base,
			);
			mainGroup = 79244EAE28B3F3BF003FB9CF;
			productRefGroup = 79244EB828B3F3BF003FB9CF /* Products */;
			projectDirPath = "";
			projectRoot = "";
			targets = (
				79244EB628B3F3BF003FB9CF /* BatterySaver */,
				79244EC728B3F3C2003FB9CF /* BatterySaverTests */,
				79244ED128B3F3C2003FB9CF /* BatterySaverUITests */,
			);
		};
/* End PBXProject section */

/* Begin PBXResourcesBuildPhase section */
		79244EB528B3F3BF003FB9CF /* Resources */ = {
			isa = PBXResourcesBuildPhase;
			buildActionMask = 2147483647;
			files = (
				79244EC228B3F3C2003FB9CF /* Preview Assets.xcassets in Resources */,
				79244EBF28B3F3C2003FB9CF /* Assets.xcassets in Resources */,
			);
			runOnlyForDeploymentPostprocessing = 0;
		};
		79244EC628B3F3C2003FB9CF /* Resources */ = {
			isa = PBXResourcesBuildPhase;
			buildActionMask = 2147483647;
			files = (
			);
			runOnlyForDeploymentPostprocessing = 0;
		};
		79244ED028B3F3C2003FB9CF /* Resources */ = {
			isa = PBXResourcesBuildPhase;
			buildActionMask = 2147483647;
			files = (
			);
			runOnlyForDeploymentPostprocessing = 0;
		};
/* End PBXResourcesBuildPhase section */

/* Begin PBXSourcesBuildPhase section */
		79244EB328B3F3BF003FB9CF /* Sources */ = {
			isa = PBXSourcesBuildPhase;
			buildActionMask = 2147483647;
			files = (
				79244EBD28B3F3BF003FB9CF /* ContentView.swift in Sources */,
				7941F0F028BADDC300999B3A /* ApplicationMenu.swift in Sources */,
				79244EBB28B3F3BF003FB9CF /* BatterySaverApp.swift in Sources */,
			);
			runOnlyForDeploymentPostprocessing = 0;
		};
		79244EC428B3F3C2003FB9CF /* Sources */ = {
			isa = PBXSourcesBuildPhase;
			buildActionMask = 2147483647;
			files = (
				79244ECD28B3F3C2003FB9CF /* BatterySaverTests.swift in Sources */,
			);
			runOnlyForDeploymentPostprocessing = 0;
		};
		79244ECE28B3F3C2003FB9CF /* Sources */ = {
			isa = PBXSourcesBuildPhase;
			buildActionMask = 2147483647;
			files = (
				79244ED928B3F3C2003FB9CF /* BatterySaverUITestsLaunchTests.swift in Sources */,
				79244ED728B3F3C2003FB9CF /* BatterySaverUITests.swift in Sources */,
			);
			runOnlyForDeploymentPostprocessing = 0;
		};
/* End PBXSourcesBuildPhase section */

/* Begin PBXTargetDependency section */
		79244ECA28B3F3C2003FB9CF /* PBXTargetDependency */ = {
			isa = PBXTargetDependency;
			target = 79244EB628B3F3BF003FB9CF /* BatterySaver */;
			targetProxy = 79244EC928B3F3C2003FB9CF /* PBXContainerItemProxy */;
		};
		79244ED428B3F3C2003FB9CF /* PBXTargetDependency */ = {
			isa = PBXTargetDependency;
			target = 79244EB628B3F3BF003FB9CF /* BatterySaver */;
			targetProxy = 79244ED328B3F3C2003FB9CF /* PBXContainerItemProxy */;
		};
/* End PBXTargetDependency section */

/* Begin XCBuildConfiguration section */
		79244EDA28B3F3C2003FB9CF /* Debug */ = {
			isa = XCBuildConfiguration;
			buildSettings = {
				ALWAYS_SEARCH_USER_PATHS = NO;
				CLANG_ANALYZER_NONNULL = YES;
				CLANG_ANALYZER_NUMBER_OBJECT_CONVERSION = YES_AGGRESSIVE;
				CLANG_CXX_LANGUAGE_STANDARD = "gnu++17";
				CLANG_ENABLE_MODULES = YES;
				CLANG_ENABLE_OBJC_ARC = YES;
				CLANG_ENABLE_OBJC_WEAK = YES;
				CLANG_WARN_BLOCK_CAPTURE_AUTORELEASING = YES;
				CLANG_WARN_BOOL_CONVERSION = YES;
				CLANG_WARN_COMMA = YES;
				CLANG_WARN_CONSTANT_CONVERSION = YES;
				CLANG_WARN_DEPRECATED_OBJC_IMPLEMENTATIONS = YES;
				CLANG_WARN_DIRECT_OBJC_ISA_USAGE = YES_ERROR;
				CLANG_WARN_DOCUMENTATION_COMMENTS = YES;
				CLANG_WARN_EMPTY_BODY = YES;
				CLANG_WARN_ENUM_CONVERSION = YES;
				CLANG_WARN_INFINITE_RECURSION = YES;
				CLANG_WARN_INT_CONVERSION = YES;
				CLANG_WARN_NON_LITERAL_NULL_CONVERSION = YES;
				CLANG_WARN_OBJC_IMPLICIT_RETAIN_SELF = YES;
				CLANG_WARN_OBJC_LITERAL_CONVERSION = YES;
				CLANG_WARN_OBJC_ROOT_CLASS = YES_ERROR;
				CLANG_WARN_QUOTED_INCLUDE_IN_FRAMEWORK_HEADER = YES;
				CLANG_WARN_RANGE_LOOP_ANALYSIS = YES;
				CLANG_WARN_STRICT_PROTOTYPES = YES;
				CLANG_WARN_SUSPICIOUS_MOVE = YES;
				CLANG_WARN_UNGUARDED_AVAILABILITY = YES_AGGRESSIVE;
				CLANG_WARN_UNREACHABLE_CODE = YES;
				CLANG_WARN__DUPLICATE_METHOD_MATCH = YES;
				COPY_PHASE_STRIP = NO;
				DEBUG_INFORMATION_FORMAT = dwarf;
				ENABLE_STRICT_OBJC_MSGSEND = YES;
				ENABLE_TESTABILITY = YES;
				GCC_C_LANGUAGE_STANDARD = gnu11;
				GCC_DYNAMIC_NO_PIC = NO;
				GCC_NO_COMMON_BLOCKS = YES;
				GCC_OPTIMIZATION_LEVEL = 0;
				GCC_PREPROCESSOR_DEFINITIONS = (
					"DEBUG=1",
					"$(inherited)",
				);
				GCC_WARN_64_TO_32_BIT_CONVERSION = YES;
				GCC_WARN_ABOUT_RETURN_TYPE = YES_ERROR;
				GCC_WARN_UNDECLARED_SELECTOR = YES;
				GCC_WARN_UNINITIALIZED_AUTOS = YES_AGGRESSIVE;
				GCC_WARN_UNUSED_FUNCTION = YES;
				GCC_WARN_UNUSED_VARIABLE = YES;
				MACOSX_DEPLOYMENT_TARGET = 12.3;
				MTL_ENABLE_DEBUG_INFO = INCLUDE_SOURCE;
				MTL_FAST_MATH = YES;
				ONLY_ACTIVE_ARCH = YES;
				SDKROOT = macosx;
				SWIFT_ACTIVE_COMPILATION_CONDITIONS = DEBUG;
				SWIFT_OPTIMIZATION_LEVEL = "-Onone";
			};
			name = Debug;
		};
		79244EDB28B3F3C2003FB9CF /* Release */ = {
			isa = XCBuildConfiguration;
			buildSettings = {
				ALWAYS_SEARCH_USER_PATHS = NO;
				CLANG_ANALYZER_NONNULL = YES;
				CLANG_ANALYZER_NUMBER_OBJECT_CONVERSION = YES_AGGRESSIVE;
				CLANG_CXX_LANGUAGE_STANDARD = "gnu++17";
				CLANG_ENABLE_MODULES = YES;
				CLANG_ENABLE_OBJC_ARC = YES;
				CLANG_ENABLE_OBJC_WEAK = YES;
				CLANG_WARN_BLOCK_CAPTURE_AUTORELEASING = YES;
				CLANG_WARN_BOOL_CONVERSION = YES;
				CLANG_WARN_COMMA = YES;
				CLANG_WARN_CONSTANT_CONVERSION = YES;
				CLANG_WARN_DEPRECATED_OBJC_IMPLEMENTATIONS = YES;
				CLANG_WARN_DIRECT_OBJC_ISA_USAGE = YES_ERROR;
				CLANG_WARN_DOCUMENTATION_COMMENTS = YES;
				CLANG_WARN_EMPTY_BODY = YES;
				CLANG_WARN_ENUM_CONVERSION = YES;
				CLANG_WARN_INFINITE_RECURSION = YES;
				CLANG_WARN_INT_CONVERSION = YES;
				CLANG_WARN_NON_LITERAL_NULL_CONVERSION = YES;
				CLANG_WARN_OBJC_IMPLICIT_RETAIN_SELF = YES;
				CLANG_WARN_OBJC_LITERAL_CONVERSION = YES;
				CLANG_WARN_OBJC_ROOT_CLASS = YES_ERROR;
				CLANG_WARN_QUOTED_INCLUDE_IN_FRAMEWORK_HEADER = YES;
				CLANG_WARN_RANGE_LOOP_ANALYSIS = YES;
				CLANG_WARN_STRICT_PROTOTYPES = YES;
				CLANG_WARN_SUSPICIOUS_MOVE = YES;
				CLANG_WARN_UNGUARDED_AVAILABILITY = YES_AGGRESSIVE;
				CLANG_WARN_UNREACHABLE_CODE = YES;
				CLANG_WARN__DUPLICATE_METHOD_MATCH = YES;
				COPY_PHASE_STRIP = NO;
				DEBUG_INFORMATION_FORMAT = "dwarf-with-dsym";
				ENABLE_NS_ASSERTIONS = NO;
				ENABLE_STRICT_OBJC_MSGSEND = YES;
				GCC_C_LANGUAGE_STANDARD = gnu11;
				GCC_NO_COMMON_BLOCKS = YES;
				GCC_WARN_64_TO_32_BIT_CONVERSION = YES;
				GCC_WARN_ABOUT_RETURN_TYPE = YES_ERROR;
				GCC_WARN_UNDECLARED_SELECTOR = YES;
				GCC_WARN_UNINITIALIZED_AUTOS = YES_AGGRESSIVE;
				GCC_WARN_UNUSED_FUNCTION = YES;
				GCC_WARN_UNUSED_VARIABLE = YES;
				MACOSX_DEPLOYMENT_TARGET = 12.3;
				MTL_ENABLE_DEBUG_INFO = NO;
				MTL_FAST_MATH = YES;
				SDKROOT = macosx;
				SWIFT_COMPILATION_MODE = wholemodule;
				SWIFT_OPTIMIZATION_LEVEL = "-O";
			};
			name = Release;
		};
		79244EDD28B3F3C2003FB9CF /* Debug */ = {
			isa = XCBuildConfiguration;
			buildSettings = {
				ASSETCATALOG_COMPILER_APPICON_NAME = AppIcon;
				ASSETCATALOG_COMPILER_GLOBAL_ACCENT_COLOR_NAME = AccentColor;
				CODE_SIGN_ENTITLEMENTS = BatterySaver/BatterySaver.entitlements;
				CODE_SIGN_IDENTITY = "Apple Development";
				CODE_SIGN_STYLE = Automatic;
				COMBINE_HIDPI_IMAGES = YES;
				CURRENT_PROJECT_VERSION = 1;
				DEVELOPMENT_ASSET_PATHS = "\"BatterySaver/Preview Content\"";
				DEVELOPMENT_TEAM = 59Y8L9TXZ2;
				ENABLE_PREVIEWS = YES;
				GENERATE_INFOPLIST_FILE = YES;
				INFOPLIST_FILE = BatterySaver/Info.plist;
				INFOPLIST_KEY_NSHumanReadableCopyright = "";
				LD_RUNPATH_SEARCH_PATHS = (
					"$(inherited)",
					"@executable_path/../Frameworks",
				);
				MARKETING_VERSION = 1.0;
				PRODUCT_BUNDLE_IDENTIFIER = "Jeronimo-Mendes.BatterySaver";
				PRODUCT_NAME = "$(TARGET_NAME)";
				SWIFT_EMIT_LOC_STRINGS = YES;
				SWIFT_VERSION = 5.0;
			};
			name = Debug;
		};
		79244EDE28B3F3C2003FB9CF /* Release */ = {
			isa = XCBuildConfiguration;
			buildSettings = {
				ASSETCATALOG_COMPILER_APPICON_NAME = AppIcon;
				ASSETCATALOG_COMPILER_GLOBAL_ACCENT_COLOR_NAME = AccentColor;
				CODE_SIGN_ENTITLEMENTS = BatterySaver/BatterySaver.entitlements;
				CODE_SIGN_IDENTITY = "Apple Development";
				CODE_SIGN_STYLE = Automatic;
				COMBINE_HIDPI_IMAGES = YES;
				CURRENT_PROJECT_VERSION = 1;
				DEVELOPMENT_ASSET_PATHS = "\"BatterySaver/Preview Content\"";
				DEVELOPMENT_TEAM = 59Y8L9TXZ2;
				ENABLE_PREVIEWS = YES;
				GENERATE_INFOPLIST_FILE = YES;
				INFOPLIST_FILE = BatterySaver/Info.plist;
				INFOPLIST_KEY_NSHumanReadableCopyright = "";
				LD_RUNPATH_SEARCH_PATHS = (
					"$(inherited)",
					"@executable_path/../Frameworks",
				);
				MARKETING_VERSION = 1.0;
				PRODUCT_BUNDLE_IDENTIFIER = "Jeronimo-Mendes.BatterySaver";
				PRODUCT_NAME = "$(TARGET_NAME)";
				SWIFT_EMIT_LOC_STRINGS = YES;
				SWIFT_VERSION = 5.0;
			};
			name = Release;
		};
		79244EE028B3F3C2003FB9CF /* Debug */ = {
			isa = XCBuildConfiguration;
			buildSettings = {
				ALWAYS_EMBED_SWIFT_STANDARD_LIBRARIES = YES;
				BUNDLE_LOADER = "$(TEST_HOST)";
				CODE_SIGN_STYLE = Automatic;
				CURRENT_PROJECT_VERSION = 1;
				GENERATE_INFOPLIST_FILE = YES;
				MACOSX_DEPLOYMENT_TARGET = 12.3;
				MARKETING_VERSION = 1.0;
				PRODUCT_BUNDLE_IDENTIFIER = "Jeronimo-Mendes.BatterySaverTests";
				PRODUCT_NAME = "$(TARGET_NAME)";
				SWIFT_EMIT_LOC_STRINGS = NO;
				SWIFT_VERSION = 5.0;
				TEST_HOST = "$(BUILT_PRODUCTS_DIR)/BatterySaver.app/Contents/MacOS/BatterySaver";
			};
			name = Debug;
		};
		79244EE128B3F3C2003FB9CF /* Release */ = {
			isa = XCBuildConfiguration;
			buildSettings = {
				ALWAYS_EMBED_SWIFT_STANDARD_LIBRARIES = YES;
				BUNDLE_LOADER = "$(TEST_HOST)";
				CODE_SIGN_STYLE = Automatic;
				CURRENT_PROJECT_VERSION = 1;
				GENERATE_INFOPLIST_FILE = YES;
				MACOSX_DEPLOYMENT_TARGET = 12.3;
				MARKETING_VERSION = 1.0;
				PRODUCT_BUNDLE_IDENTIFIER = "Jeronimo-Mendes.BatterySaverTests";
				PRODUCT_NAME = "$(TARGET_NAME)";
				SWIFT_EMIT_LOC_STRINGS = NO;
				SWIFT_VERSION = 5.0;
				TEST_HOST = "$(BUILT_PRODUCTS_DIR)/BatterySaver.app/Contents/MacOS/BatterySaver";
			};
			name = Release;
		};
		79244EE328B3F3C2003FB9CF /* Debug */ = {
			isa = XCBuildConfiguration;
			buildSettings = {
				ALWAYS_EMBED_SWIFT_STANDARD_LIBRARIES = YES;
				CODE_SIGN_STYLE = Automatic;
				CURRENT_PROJECT_VERSION = 1;
				GENERATE_INFOPLIST_FILE = YES;
				MARKETING_VERSION = 1.0;
				PRODUCT_BUNDLE_IDENTIFIER = "Jeronimo-Mendes.BatterySaverUITests";
				PRODUCT_NAME = "$(TARGET_NAME)";
				SWIFT_EMIT_LOC_STRINGS = NO;
				SWIFT_VERSION = 5.0;
				TEST_TARGET_NAME = BatterySaver;
			};
			name = Debug;
		};
		79244EE428B3F3C2003FB9CF /* Release */ = {
			isa = XCBuildConfiguration;
			buildSettings = {
				ALWAYS_EMBED_SWIFT_STANDARD_LIBRARIES = YES;
				CODE_SIGN_STYLE = Automatic;
				CURRENT_PROJECT_VERSION = 1;
				GENERATE_INFOPLIST_FILE = YES;
				MARKETING_VERSION = 1.0;
				PRODUCT_BUNDLE_IDENTIFIER = "Jeronimo-Mendes.BatterySaverUITests";
				PRODUCT_NAME = "$(TARGET_NAME)";
				SWIFT_EMIT_LOC_STRINGS = NO;
				SWIFT_VERSION = 5.0;
				TEST_TARGET_NAME = BatterySaver;
			};
			name = Release;
		};
/* End XCBuildConfiguration section */

/* Begin XCConfigurationList section */
		79244EB228B3F3BF003FB9CF /* Build configuration list for PBXProject "BatterySaver" */ = {
			isa = XCConfigurationList;
			buildConfigurations = (
				79244EDA28B3F3C2003FB9CF /* Debug */,
				79244EDB28B3F3C2003FB9CF /* Release */,
			);
			defaultConfigurationIsVisible = 0;
			defaultConfigurationName = Release;
		};
		79244EDC28B3F3C2003FB9CF /* Build configuration list for PBXNativeTarget "BatterySaver" */ = {
			isa = XCConfigurationList;
			buildConfigurations = (
				79244EDD28B3F3C2003FB9CF /* Debug */,
				79244EDE28B3F3C2003FB9CF /* Release */,
			);
			defaultConfigurationIsVisible = 0;
			defaultConfigurationName = Release;
		};
		79244EDF28B3F3C2003FB9CF /* Build configuration list for PBXNativeTarget "BatterySaverTests" */ = {
			isa = XCConfigurationList;
			buildConfigurations = (
				79244EE028B3F3C2003FB9CF /* Debug */,
				79244EE128B3F3C2003FB9CF /* Release */,
			);
			defaultConfigurationIsVisible = 0;
			defaultConfigurationName = Release;
		};
		79244EE228B3F3C2003FB9CF /* Build configuration list for PBXNativeTarget "BatterySaverUITests" */ = {
			isa = XCConfigurationList;
			buildConfigurations = (
				79244EE328B3F3C2003FB9CF /* Debug */,
				79244EE428B3F3C2003FB9CF /* Release */,
			);
			defaultConfigurationIsVisible = 0;
			defaultConfigurationName = Release;
		};
/* End XCConfigurationList section */
	};
	rootObject = 79244EAF28B3F3BF003FB9CF /* Project object */;
}
